
Microsoft Visual Studio Solution File, Format Version 12.00
# Visual Studio Version 16
VisualStudioVersion = 16.0.31410.357
MinimumVisualStudioVersion = 10.0.40219.1
Project("{FAE04EC0-301F-11D3-BF4B-00C04F79EFBC}") = "hello-world", "hello-world\hello-world.csproj", "{6299A4AA-C990-4B96-8EBA-7A1037D958FB}"
EndProject
Global
	GlobalSection(SolutionConfigurationPlatforms) = preSolution
		Debug|Any CPU = Debug|Any CPU
		Release|Any CPU = Release|Any CPU
	EndGlobalSection
	GlobalSection(ProjectConfigurationPlatforms) = postSolution
		{6299A4AA-C990-4B96-8EBA-7A1037D958FB}.Debug|Any CPU.ActiveCfg = Debug|Any CPU
		{6299A4AA-C990-4B96-8EBA-7A1037D958FB}.Debug|Any CPU.Build.0 = Debug|Any CPU
		{6299A4AA-C990-4B96-8EBA-7A1037D958FB}.Release|Any CPU.ActiveCfg = Release|Any CPU
		{6299A4AA-C990-4B96-8EBA-7A1037D958FB}.Release|Any CPU.Build.0 = Release|Any CPU
	EndGlobalSection
	GlobalSection(SolutionProperties) = preSolution
		HideSolutionNode = FALSE
	EndGlobalSection
	GlobalSection(ExtensibilityGlobals) = postSolution
		SolutionGuid = {CA390B60-6085-423E-AD5A-5025D7FD4EDB}
	EndGlobalSection
EndGlobal
